lockfileVersion: '6.0'

devDependencies:
  fs:
    specifier: 0.0.1-security
    version: registry.npmmirror.com/fs@0.0.1-security
  path:
    specifier: ^0.12.7
    version: registry.npmmirror.com/path@0.12.7

packages:

  registry.npmmirror.com/fs@0.0.1-security:
    resolution: {integrity: sha512-3XY9e1pP0CVEUCdj5BmfIZxRBTSDycnbqhIOGec9QYtmVH2fbLpj86CFWkrNOkt/Fvty4KZG5lTglL9j/gJ87w==, registry: https://registry.npm.taobao.org/, tarball: https://registry.npmmirror.com/fs/-/fs-0.0.1-security.tgz}
    name: fs
    version: 0.0.1-security
    dev: true

  registry.npmmirror.com/inherits@2.0.3:
    resolution: {integrity: sha512-x00IRNXNy63jwGkJmzPigoySHbaqpNuzKbBOmzK+g2OdZpQ9w+sxCN+VSB3ja7IAge2OP2qpfxTjeNcyjmW1uw==, registry: https://registry.npm.taobao.org/, tarball: https://registry.npmmirror.com/inherits/-/inherits-2.0.3.tgz}
    name: inherits
    version: 2.0.3
    dev: true

  registry.npmmirror.com/path@0.12.7:
    resolution: {integrity: sha512-aXXC6s+1w7otVF9UletFkFcDsJeO7lSZBPUQhtb5O0xJe8LtYhj/GxldoL09bBj9+ZmE2hNoHqQSFMN5fikh4Q==, registry: https://registry.npm.taobao.org/, tarball: https://registry.npmmirror.com/path/-/path-0.12.7.tgz}
    name: path
    version: 0.12.7
    dependencies:
      process: registry.npmmirror.com/process@0.11.10
      util: registry.npmmirror.com/util@0.10.4
    dev: true

  registry.npmmirror.com/process@0.11.10:
    resolution: {integrity: sha512-cdGef/drWFoydD1JsMzuFf8100nZl+GT+yacc2bEced5f9Rjk4z+WtFUTBu9PhOi9j/jfmBPu0mMEY4wIdAF8A==, registry: https://registry.npm.taobao.org/, tarball: https://registry.npmmirror.com/process/-/process-0.11.10.tgz}
    name: process
    version: 0.11.10
    engines: {node: '>= 0.6.0'}
    dev: true

  registry.npmmirror.com/util@0.10.4:
    resolution: {integrity: sha512-0Pm9hTQ3se5ll1XihRic3FDIku70C+iHUdT/W926rSgHV5QgXsYbKZN8MSC3tJtSkhuROzvsQjAaFENRXr+19A==, registry: https://registry.npm.taobao.org/, tarball: https://registry.npmmirror.com/util/-/util-0.10.4.tgz}
    name: util
    version: 0.10.4
    dependencies:
      inherits: registry.npmmirror.com/inherits@2.0.3
    dev: true
